
Microsoft Visual Studio Solution File, Format Version 12.00
# Visual Studio Version 16
VisualStudioVersion = 16.0.30104.148
MinimumVisualStudioVersion = 10.0.40219.1
Project("{FAE04EC0-301F-11D3-BF4B-00C04F79EFBC}") = "CarGuyGarage_Project", "CarGuyGarage_Project\CarGuyGarage_Project.csproj", "{70E07C72-111D-4CB7-85AC-6A25B6AA973A}"
EndProject
Global
	GlobalSection(SolutionConfigurationPlatforms) = preSolution
		Debug|Any CPU = Debug|Any CPU
		Release|Any CPU = Release|Any CPU
	EndGlobalSection
	GlobalSection(ProjectConfigurationPlatforms) = postSolution
		{70E07C72-111D-4CB7-85AC-6A25B6AA973A}.Debug|Any CPU.ActiveCfg = Debug|Any CPU
		{70E07C72-111D-4CB7-85AC-6A25B6AA973A}.Debug|Any CPU.Build.0 = Debug|Any CPU
		{70E07C72-111D-4CB7-85AC-6A25B6AA973A}.Release|Any CPU.ActiveCfg = Release|Any CPU
		{70E07C72-111D-4CB7-85AC-6A25B6AA973A}.Release|Any CPU.Build.0 = Release|Any CPU
	EndGlobalSection
	GlobalSection(SolutionProperties) = preSolution
		HideSolutionNode = FALSE
	EndGlobalSection
	GlobalSection(ExtensibilityGlobals) = postSolution
		SolutionGuid = {D9688448-0C59-4761-A92F-640DBBD7D5D0}
	EndGlobalSection
EndGlobal
